
Microsoft Visual Studio Solution File, Format Version 12.00
# Visual Studio Version 16
VisualStudioVersion = 16.0.30523.141
MinimumVisualStudioVersion = 10.0.40219.1
Project("{FAE04EC0-301F-11D3-BF4B-00C04F79EFBC}") = "bruh", "Muck\bruh.csproj", "{8740E5EC-337F-4221-89B2-68E410C5DD3E}"
EndProject
Global
	GlobalSection(SolutionConfigurationPlatforms) = preSolution
		Debug|Any CPU = Debug|Any CPU
		Release|Any CPU = Release|Any CPU
	EndGlobalSection
	GlobalSection(ProjectConfigurationPlatforms) = postSolution
		{8740E5EC-337F-4221-89B2-68E410C5DD3E}.Debug|Any CPU.ActiveCfg = Debug|Any CPU
		{8740E5EC-337F-4221-89B2-68E410C5DD3E}.Debug|Any CPU.Build.0 = Debug|Any CPU
		{8740E5EC-337F-4221-89B2-68E410C5DD3E}.Release|Any CPU.ActiveCfg = Release|Any CPU
		{8740E5EC-337F-4221-89B2-68E410C5DD3E}.Release|Any CPU.Build.0 = Release|Any CPU
	EndGlobalSection
	GlobalSection(SolutionProperties) = preSolution
		HideSolutionNode = FALSE
	EndGlobalSection
	GlobalSection(ExtensibilityGlobals) = postSolution
		SolutionGuid = {8F9ACC45-4051-4C30-B35B-B4E11F79C427}
	EndGlobalSection
EndGlobal
